{
  "version": 4,
  "terraform_version": "1.9.8",
  "serial": 174,
  "lineage": "60953aa6-5319-90bd-1550-99eedd35e98b",
  "outputs": {
    "rg_id": {
      "value": "/subscriptions/1ed7ade3-5acc-4223-84b0-bb4a089308ec/resourceGroups/terraform-resources-rg",
      "type": "string"
    }
  },
  "resources": [
    {
      "mode": "managed",
      "type": "azurerm_linux_virtual_machine",
      "name": "linux_vm",
      "provider": "provider[\"registry.terraform.io/hashicorp/azurerm\"]",
      "instances": [
        {
          "schema_version": 0,
          "attributes": {
            "additional_capabilities": [],
            "admin_password": null,
            "admin_ssh_key": [
              {
                "public_key": "ssh-rsa AAAAB3NzaC1yc2EAAAADAQABAAABgQDF90Wupue8ZULGE/xpYSYbT71qI2N2ftckHKVLm4aGlWZCwgDsaLK9h31g4enKDdj9sL2gfBt20QwyOkZiCTTMEf852BAN7jUqV96ecWRW32X2lJJnuPHV6CDrMp/wxPZE5n/hFg+fsxIUbIEe+oaHhoStIX9rLhAxJm7DXDN+NUnXrZTIo2YeGPA5BCTgUBn6Y1zIShSXZrGnxfaz00loa0vRHUx8rKb2WSMtX3pj2H2bCsKQuLgOYezGYPbQnut4Gt10DqYN5p/pPk3zDNNBtiMogpKeyG2gEqAX8Ehab8YiNOuyC4DYtOjiCj72efuJb+wrEoVSI9T/7Jh4YVyZCbTCCw8LxQI7fUSHiYkpd4qzst8WA6ayreeWcu19XCpRVFS6TFd2PDa3YQVwu6y5qUc/eSqpSqqN1thrak+pO0dcixMou2soJHKvJnvB3mqN22Ifc1hmyFpwXZUm0FNvq7IOaFszTT0xxUhVzcs3jHyvilftXxmJsJ41uwRVRzU= amayu@DESKTOP-QNJLAQN\r\n",
                "username": "adminuser"
              }
            ],
            "admin_username": "adminuser",
            "allow_extension_operations": true,
            "availability_set_id": "",
            "boot_diagnostics": [],
            "computer_name": "terraform-linux-machine",
            "custom_data": null,
            "dedicated_host_id": "",
            "disable_password_authentication": true,
            "encryption_at_host_enabled": false,
            "eviction_policy": "",
            "extensions_time_budget": "PT1H30M",
            "id": "/subscriptions/1ed7ade3-5acc-4223-84b0-bb4a089308ec/resourceGroups/terraform-resources-rg/providers/Microsoft.Compute/virtualMachines/terraform-linux-machine",
            "identity": [],
            "location": "centralindia",
            "max_bid_price": -1,
            "name": "terraform-linux-machine",
            "network_interface_ids": [
              "/subscriptions/1ed7ade3-5acc-4223-84b0-bb4a089308ec/resourceGroups/terraform-resources-rg/providers/Microsoft.Network/networkInterfaces/linux-vm-nic"
            ],
            "os_disk": [
              {
                "caching": "ReadWrite",
                "diff_disk_settings": [],
                "disk_encryption_set_id": "",
                "disk_size_gb": 30,
                "name": "terraform-linux-machine_disk1_92f1f9f848df489a915e44a9dd507d3b",
                "storage_account_type": "Standard_LRS",
                "write_accelerator_enabled": false
              }
            ],
            "plan": [],
            "priority": "Regular",
            "private_ip_address": "10.1.0.4",
            "private_ip_addresses": [
              "10.1.0.4"
            ],
            "provision_vm_agent": true,
            "proximity_placement_group_id": "",
            "public_ip_address": "",
            "public_ip_addresses": [],
            "resource_group_name": "terraform-resources-rg",
            "secret": [],
            "size": "Standard_B1s",
            "source_image_id": "",
            "source_image_reference": [
              {
                "offer": "0001-com-ubuntu-server-jammy",
                "publisher": "Canonical",
                "sku": "22_04-lts",
                "version": "latest"
              }
            ],
            "tags": {},
            "timeouts": null,
            "virtual_machine_id": "0c1978ae-b762-421e-8947-ba27342fcc0f",
            "virtual_machine_scale_set_id": "",
            "zone": ""
          },
          "sensitive_attributes": [
            [
              {
                "type": "get_attr",
                "value": "custom_data"
              }
            ],
            [
              {
                "type": "get_attr",
                "value": "admin_password"
              }
            ]
          ],
          "private": "eyJlMmJmYjczMC1lY2FhLTExZTYtOGY4OC0zNDM2M2JjN2M0YzAiOnsiY3JlYXRlIjoyNzAwMDAwMDAwMDAwLCJkZWxldGUiOjI3MDAwMDAwMDAwMDAsInJlYWQiOjMwMDAwMDAwMDAwMCwidXBkYXRlIjoyNzAwMDAwMDAwMDAwfX0=",
          "dependencies": [
            "azurerm_network_interface.linux_nic",
            "azurerm_resource_group.rg",
            "azurerm_subnet.subnet1",
            "azurerm_virtual_network.vnet"
          ]
        }
      ]
    },
    {
      "mode": "managed",
      "type": "azurerm_managed_disk",
      "name": "win_disk",
      "provider": "provider[\"registry.terraform.io/hashicorp/azurerm\"]",
      "instances": [
        {
          "schema_version": 0,
          "attributes": {
            "create_option": "Empty",
            "disk_encryption_set_id": "",
            "disk_iops_read_write": 500,
            "disk_mbps_read_write": 60,
            "disk_size_gb": 10,
            "encryption_settings": [],
            "id": "/subscriptions/1ed7ade3-5acc-4223-84b0-bb4a089308ec/resourceGroups/terraform-resources-rg/providers/Microsoft.Compute/disks/tf-win-vm-disk1",
            "image_reference_id": "",
            "location": "centralindia",
            "name": "tf-win-vm-disk1",
            "os_type": "",
            "resource_group_name": "terraform-resources-rg",
            "source_resource_id": "",
            "source_uri": "",
            "storage_account_id": "",
            "storage_account_type": "Standard_LRS",
            "tags": {},
            "timeouts": null,
            "zones": []
          },
          "sensitive_attributes": [],
          "private": "eyJlMmJmYjczMC1lY2FhLTExZTYtOGY4OC0zNDM2M2JjN2M0YzAiOnsiY3JlYXRlIjoxODAwMDAwMDAwMDAwLCJkZWxldGUiOjE4MDAwMDAwMDAwMDAsInJlYWQiOjMwMDAwMDAwMDAwMCwidXBkYXRlIjoxODAwMDAwMDAwMDAwfX0=",
          "dependencies": [
            "azurerm_network_interface.windows_nic",
            "azurerm_public_ip.pip",
            "azurerm_resource_group.rg",
            "azurerm_subnet.subnet1",
            "azurerm_virtual_network.vnet",
            "azurerm_windows_virtual_machine.win_vm"
          ]
        }
      ]
    },
    {
      "mode": "managed",
      "type": "azurerm_mssql_server",
      "name": "mssqlserver-1",
      "provider": "provider[\"registry.terraform.io/hashicorp/azurerm\"]",
      "instances": [
        {
          "schema_version": 0,
          "attributes": {
            "administrator_login": "missadministrator",
            "administrator_login_password": "thisIsKat11",
            "azuread_administrator": [],
            "connection_policy": "Default",
            "extended_auditing_policy": [],
            "fully_qualified_domain_name": "mssqlserver0761.database.windows.net",
            "id": "/subscriptions/1ed7ade3-5acc-4223-84b0-bb4a089308ec/resourceGroups/terraform-resources-rg/providers/Microsoft.Sql/servers/mssqlserver0761",
            "identity": [],
            "location": "centralindia",
            "minimum_tls_version": "1.2",
            "name": "mssqlserver0761",
            "public_network_access_enabled": true,
            "resource_group_name": "terraform-resources-rg",
            "restorable_dropped_database_ids": [],
            "tags": {},
            "timeouts": null,
            "version": "12.0"
          },
          "sensitive_attributes": [
            [
              {
                "type": "get_attr",
                "value": "administrator_login_password"
              }
            ]
          ],
          "private": "eyJlMmJmYjczMC1lY2FhLTExZTYtOGY4OC0zNDM2M2JjN2M0YzAiOnsiY3JlYXRlIjozNjAwMDAwMDAwMDAwLCJkZWxldGUiOjM2MDAwMDAwMDAwMDAsInJlYWQiOjMwMDAwMDAwMDAwMCwidXBkYXRlIjozNjAwMDAwMDAwMDAwfX0=",
          "dependencies": [
            "azurerm_resource_group.rg"
          ]
        }
      ]
    },
    {
      "mode": "managed",
      "type": "azurerm_network_interface",
      "name": "linux_nic",
      "provider": "provider[\"registry.terraform.io/hashicorp/azurerm\"]",
      "instances": [
        {
          "schema_version": 0,
          "attributes": {
            "applied_dns_servers": [],
            "dns_servers": [],
            "enable_accelerated_networking": false,
            "enable_ip_forwarding": false,
            "id": "/subscriptions/1ed7ade3-5acc-4223-84b0-bb4a089308ec/resourceGroups/terraform-resources-rg/providers/Microsoft.Network/networkInterfaces/linux-vm-nic",
            "internal_dns_name_label": "",
            "internal_domain_name_suffix": "3vub2wuwak0ehfqb3erkycy34h.rx.internal.cloudapp.net",
            "ip_configuration": [
              {
                "name": "linux-configuration",
                "primary": true,
                "private_ip_address": "10.1.0.4",
                "private_ip_address_allocation": "Dynamic",
                "private_ip_address_version": "IPv4",
                "public_ip_address_id": "",
                "subnet_id": "/subscriptions/1ed7ade3-5acc-4223-84b0-bb4a089308ec/resourceGroups/terraform-resources-rg/providers/Microsoft.Network/virtualNetworks/terraform-vnet-rg/subnets/my-subnet1"
              }
            ],
            "location": "centralindia",
            "mac_address": "7C-1E-52-0E-D3-D0",
            "name": "linux-vm-nic",
            "private_ip_address": "10.1.0.4",
            "private_ip_addresses": [
              "10.1.0.4"
            ],
            "resource_group_name": "terraform-resources-rg",
            "tags": {},
            "timeouts": null,
            "virtual_machine_id": "/subscriptions/1ed7ade3-5acc-4223-84b0-bb4a089308ec/resourceGroups/terraform-resources-rg/providers/Microsoft.Compute/virtualMachines/terraform-linux-machine"
          },
          "sensitive_attributes": [],
          "private": "eyJlMmJmYjczMC1lY2FhLTExZTYtOGY4OC0zNDM2M2JjN2M0YzAiOnsiY3JlYXRlIjoxODAwMDAwMDAwMDAwLCJkZWxldGUiOjE4MDAwMDAwMDAwMDAsInJlYWQiOjMwMDAwMDAwMDAwMCwidXBkYXRlIjoxODAwMDAwMDAwMDAwfX0=",
          "dependencies": [
            "azurerm_resource_group.rg",
            "azurerm_subnet.subnet1",
            "azurerm_virtual_network.vnet"
          ]
        }
      ]
    },
    {
      "mode": "managed",
      "type": "azurerm_network_interface",
      "name": "windows_nic",
      "provider": "provider[\"registry.terraform.io/hashicorp/azurerm\"]",
      "instances": [
        {
          "schema_version": 0,
          "attributes": {
            "applied_dns_servers": [],
            "dns_servers": [],
            "enable_accelerated_networking": false,
            "enable_ip_forwarding": false,
            "id": "/subscriptions/1ed7ade3-5acc-4223-84b0-bb4a089308ec/resourceGroups/terraform-resources-rg/providers/Microsoft.Network/networkInterfaces/windows-vm-nic",
            "internal_dns_name_label": "",
            "internal_domain_name_suffix": "3vub2wuwak0ehfqb3erkycy34h.rx.internal.cloudapp.net",
            "ip_configuration": [
              {
                "name": "windows-configuration",
                "primary": true,
                "private_ip_address": "10.1.0.5",
                "private_ip_address_allocation": "Dynamic",
                "private_ip_address_version": "IPv4",
                "public_ip_address_id": "/subscriptions/1ed7ade3-5acc-4223-84b0-bb4a089308ec/resourceGroups/terraform-resources-rg/providers/Microsoft.Network/publicIPAddresses/public-ip",
                "subnet_id": "/subscriptions/1ed7ade3-5acc-4223-84b0-bb4a089308ec/resourceGroups/terraform-resources-rg/providers/Microsoft.Network/virtualNetworks/terraform-vnet-rg/subnets/my-subnet1"
              }
            ],
            "location": "centralindia",
            "mac_address": "60-45-BD-CE-AC-57",
            "name": "windows-vm-nic",
            "private_ip_address": "10.1.0.5",
            "private_ip_addresses": [
              "10.1.0.5"
            ],
            "resource_group_name": "terraform-resources-rg",
            "tags": {},
            "timeouts": null,
            "virtual_machine_id": "/subscriptions/1ed7ade3-5acc-4223-84b0-bb4a089308ec/resourceGroups/terraform-resources-rg/providers/Microsoft.Compute/virtualMachines/tf-win-vm"
          },
          "sensitive_attributes": [],
          "private": "eyJlMmJmYjczMC1lY2FhLTExZTYtOGY4OC0zNDM2M2JjN2M0YzAiOnsiY3JlYXRlIjoxODAwMDAwMDAwMDAwLCJkZWxldGUiOjE4MDAwMDAwMDAwMDAsInJlYWQiOjMwMDAwMDAwMDAwMCwidXBkYXRlIjoxODAwMDAwMDAwMDAwfX0=",
          "dependencies": [
            "azurerm_public_ip.pip",
            "azurerm_resource_group.rg",
            "azurerm_subnet.subnet1",
            "azurerm_virtual_network.vnet"
          ]
        }
      ]
    },
    {
      "mode": "managed",
      "type": "azurerm_network_interface_security_group_association",
      "name": "nic_asso",
      "provider": "provider[\"registry.terraform.io/hashicorp/azurerm\"]",
      "instances": [
        {
          "schema_version": 0,
          "attributes": {
            "id": "/subscriptions/1ed7ade3-5acc-4223-84b0-bb4a089308ec/resourceGroups/terraform-resources-rg/providers/Microsoft.Network/networkInterfaces/windows-vm-nic|/subscriptions/1ed7ade3-5acc-4223-84b0-bb4a089308ec/resourceGroups/terraform-resources-rg/providers/Microsoft.Network/networkSecurityGroups/SecurityGroup1",
            "network_interface_id": "/subscriptions/1ed7ade3-5acc-4223-84b0-bb4a089308ec/resourceGroups/terraform-resources-rg/providers/Microsoft.Network/networkInterfaces/windows-vm-nic",
            "network_security_group_id": "/subscriptions/1ed7ade3-5acc-4223-84b0-bb4a089308ec/resourceGroups/terraform-resources-rg/providers/Microsoft.Network/networkSecurityGroups/SecurityGroup1",
            "timeouts": null
          },
          "sensitive_attributes": [],
          "private": "eyJlMmJmYjczMC1lY2FhLTExZTYtOGY4OC0zNDM2M2JjN2M0YzAiOnsiY3JlYXRlIjoxODAwMDAwMDAwMDAwLCJkZWxldGUiOjE4MDAwMDAwMDAwMDAsInJlYWQiOjMwMDAwMDAwMDAwMCwidXBkYXRlIjoxODAwMDAwMDAwMDAwfX0=",
          "dependencies": [
            "azurerm_network_interface.windows_nic",
            "azurerm_network_security_group.nsg",
            "azurerm_public_ip.pip",
            "azurerm_resource_group.rg",
            "azurerm_subnet.subnet1",
            "azurerm_virtual_network.vnet"
          ]
        }
      ]
    },
    {
      "mode": "managed",
      "type": "azurerm_network_security_group",
      "name": "nsg",
      "provider": "provider[\"registry.terraform.io/hashicorp/azurerm\"]",
      "instances": [
        {
          "schema_version": 0,
          "attributes": {
            "id": "/subscriptions/1ed7ade3-5acc-4223-84b0-bb4a089308ec/resourceGroups/terraform-resources-rg/providers/Microsoft.Network/networkSecurityGroups/SecurityGroup1",
            "location": "centralindia",
            "name": "SecurityGroup1",
            "resource_group_name": "terraform-resources-rg",
            "security_rule": [
              {
                "access": "Allow",
                "description": "",
                "destination_address_prefix": "*",
                "destination_address_prefixes": [],
                "destination_application_security_group_ids": [],
                "destination_port_range": "3389",
                "destination_port_ranges": [],
                "direction": "Inbound",
                "name": "rdp-inbound",
                "priority": 130,
                "protocol": "Tcp",
                "source_address_prefix": "*",
                "source_address_prefixes": [],
                "source_application_security_group_ids": [],
                "source_port_range": "*",
                "source_port_ranges": []
              },
              {
                "access": "Allow",
                "description": "",
                "destination_address_prefix": "*",
                "destination_address_prefixes": [],
                "destination_application_security_group_ids": [],
                "destination_port_range": "443",
                "destination_port_ranges": [],
                "direction": "Inbound",
                "name": "https-inbound",
                "priority": 120,
                "protocol": "Tcp",
                "source_address_prefix": "*",
                "source_address_prefixes": [],
                "source_application_security_group_ids": [],
                "source_port_range": "*",
                "source_port_ranges": []
              },
              {
                "access": "Allow",
                "description": "",
                "destination_address_prefix": "*",
                "destination_address_prefixes": [],
                "destination_application_security_group_ids": [],
                "destination_port_range": "443",
                "destination_port_ranges": [],
                "direction": "Outbound",
                "name": "https-outbound",
                "priority": 110,
                "protocol": "Tcp",
                "source_address_prefix": "*",
                "source_address_prefixes": [],
                "source_application_security_group_ids": [],
                "source_port_range": "*",
                "source_port_ranges": []
              }
            ],
            "tags": {},
            "timeouts": null
          },
          "sensitive_attributes": [],
          "private": "eyJlMmJmYjczMC1lY2FhLTExZTYtOGY4OC0zNDM2M2JjN2M0YzAiOnsiY3JlYXRlIjoxODAwMDAwMDAwMDAwLCJkZWxldGUiOjE4MDAwMDAwMDAwMDAsInJlYWQiOjMwMDAwMDAwMDAwMCwidXBkYXRlIjoxODAwMDAwMDAwMDAwfX0=",
          "dependencies": [
            "azurerm_resource_group.rg"
          ]
        }
      ]
    },
    {
      "mode": "managed",
      "type": "azurerm_network_security_rule",
      "name": "in-rule-1",
      "provider": "provider[\"registry.terraform.io/hashicorp/azurerm\"]",
      "instances": [
        {
          "schema_version": 0,
          "attributes": {
            "access": "Allow",
            "description": "",
            "destination_address_prefix": "*",
            "destination_address_prefixes": [],
            "destination_application_security_group_ids": [],
            "destination_port_range": "443",
            "destination_port_ranges": [],
            "direction": "Inbound",
            "id": "/subscriptions/1ed7ade3-5acc-4223-84b0-bb4a089308ec/resourceGroups/terraform-resources-rg/providers/Microsoft.Network/networkSecurityGroups/SecurityGroup1/securityRules/https-inbound",
            "name": "https-inbound",
            "network_security_group_name": "SecurityGroup1",
            "priority": 120,
            "protocol": "Tcp",
            "resource_group_name": "terraform-resources-rg",
            "source_address_prefix": "*",
            "source_address_prefixes": [],
            "source_application_security_group_ids": [],
            "source_port_range": "*",
            "source_port_ranges": [],
            "timeouts": null
          },
          "sensitive_attributes": [],
          "private": "eyJlMmJmYjczMC1lY2FhLTExZTYtOGY4OC0zNDM2M2JjN2M0YzAiOnsiY3JlYXRlIjoxODAwMDAwMDAwMDAwLCJkZWxldGUiOjE4MDAwMDAwMDAwMDAsInJlYWQiOjMwMDAwMDAwMDAwMCwidXBkYXRlIjoxODAwMDAwMDAwMDAwfX0=",
          "dependencies": [
            "azurerm_network_security_group.nsg",
            "azurerm_resource_group.rg"
          ]
        }
      ]
    },
    {
      "mode": "managed",
      "type": "azurerm_network_security_rule",
      "name": "in-rule-rdp",
      "provider": "provider[\"registry.terraform.io/hashicorp/azurerm\"]",
      "instances": [
        {
          "schema_version": 0,
          "attributes": {
            "access": "Allow",
            "description": "",
            "destination_address_prefix": "*",
            "destination_address_prefixes": [],
            "destination_application_security_group_ids": [],
            "destination_port_range": "3389",
            "destination_port_ranges": [],
            "direction": "Inbound",
            "id": "/subscriptions/1ed7ade3-5acc-4223-84b0-bb4a089308ec/resourceGroups/terraform-resources-rg/providers/Microsoft.Network/networkSecurityGroups/SecurityGroup1/securityRules/rdp-inbound",
            "name": "rdp-inbound",
            "network_security_group_name": "SecurityGroup1",
            "priority": 130,
            "protocol": "Tcp",
            "resource_group_name": "terraform-resources-rg",
            "source_address_prefix": "*",
            "source_address_prefixes": [],
            "source_application_security_group_ids": [],
            "source_port_range": "*",
            "source_port_ranges": [],
            "timeouts": null
          },
          "sensitive_attributes": [],
          "private": "eyJlMmJmYjczMC1lY2FhLTExZTYtOGY4OC0zNDM2M2JjN2M0YzAiOnsiY3JlYXRlIjoxODAwMDAwMDAwMDAwLCJkZWxldGUiOjE4MDAwMDAwMDAwMDAsInJlYWQiOjMwMDAwMDAwMDAwMCwidXBkYXRlIjoxODAwMDAwMDAwMDAwfX0=",
          "dependencies": [
            "azurerm_network_security_group.nsg",
            "azurerm_resource_group.rg"
          ]
        }
      ]
    },
    {
      "mode": "managed",
      "type": "azurerm_network_security_rule",
      "name": "out-rule-1",
      "provider": "provider[\"registry.terraform.io/hashicorp/azurerm\"]",
      "instances": [
        {
          "schema_version": 0,
          "attributes": {
            "access": "Allow",
            "description": "",
            "destination_address_prefix": "*",
            "destination_address_prefixes": [],
            "destination_application_security_group_ids": [],
            "destination_port_range": "443",
            "destination_port_ranges": [],
            "direction": "Outbound",
            "id": "/subscriptions/1ed7ade3-5acc-4223-84b0-bb4a089308ec/resourceGroups/terraform-resources-rg/providers/Microsoft.Network/networkSecurityGroups/SecurityGroup1/securityRules/https-outbound",
            "name": "https-outbound",
            "network_security_group_name": "SecurityGroup1",
            "priority": 110,
            "protocol": "Tcp",
            "resource_group_name": "terraform-resources-rg",
            "source_address_prefix": "*",
            "source_address_prefixes": [],
            "source_application_security_group_ids": [],
            "source_port_range": "*",
            "source_port_ranges": [],
            "timeouts": null
          },
          "sensitive_attributes": [],
          "private": "eyJlMmJmYjczMC1lY2FhLTExZTYtOGY4OC0zNDM2M2JjN2M0YzAiOnsiY3JlYXRlIjoxODAwMDAwMDAwMDAwLCJkZWxldGUiOjE4MDAwMDAwMDAwMDAsInJlYWQiOjMwMDAwMDAwMDAwMCwidXBkYXRlIjoxODAwMDAwMDAwMDAwfX0=",
          "dependencies": [
            "azurerm_network_security_group.nsg",
            "azurerm_resource_group.rg"
          ]
        }
      ]
    },
    {
      "mode": "managed",
      "type": "azurerm_postgresql_database",
      "name": "postgredb-1",
      "provider": "provider[\"registry.terraform.io/hashicorp/azurerm\"]",
      "instances": [
        {
          "schema_version": 0,
          "attributes": {
            "charset": "UTF8",
            "collation": "English_United States.1252",
            "id": "/subscriptions/1ed7ade3-5acc-4223-84b0-bb4a089308ec/resourceGroups/terraform-resources-rg/providers/Microsoft.DBforPostgreSQL/servers/postgre0761/databases/postgredb0761",
            "name": "postgredb0761",
            "resource_group_name": "terraform-resources-rg",
            "server_name": "postgre0761",
            "timeouts": null
          },
          "sensitive_attributes": [],
          "private": "eyJlMmJmYjczMC1lY2FhLTExZTYtOGY4OC0zNDM2M2JjN2M0YzAiOnsiY3JlYXRlIjozNjAwMDAwMDAwMDAwLCJkZWxldGUiOjM2MDAwMDAwMDAwMDAsInJlYWQiOjMwMDAwMDAwMDAwMCwidXBkYXRlIjozNjAwMDAwMDAwMDAwfX0=",
          "dependencies": [
            "azurerm_postgresql_server.postgre-1",
            "azurerm_resource_group.rg"
          ]
        }
      ]
    },
    {
      "mode": "managed",
      "type": "azurerm_postgresql_server",
      "name": "postgre-1",
      "provider": "provider[\"registry.terraform.io/hashicorp/azurerm\"]",
      "instances": [
        {
          "schema_version": 0,
          "attributes": {
            "administrator_login": "psqladmin",
            "administrator_login_password": "H@Sh1CoR3!",
            "auto_grow_enabled": true,
            "backup_retention_days": 7,
            "create_mode": "Default",
            "creation_source_server_id": null,
            "fqdn": "postgre0761.postgres.database.azure.com",
            "geo_redundant_backup_enabled": true,
            "id": "/subscriptions/1ed7ade3-5acc-4223-84b0-bb4a089308ec/resourceGroups/terraform-resources-rg/providers/Microsoft.DBforPostgreSQL/servers/postgre0761",
            "identity": [],
            "infrastructure_encryption_enabled": false,
            "location": "centralindia",
            "name": "postgre0761",
            "public_network_access_enabled": false,
            "resource_group_name": "terraform-resources-rg",
            "restore_point_in_time": null,
            "sku_name": "GP_Gen5_4",
            "ssl_enforcement": "Enabled",
            "ssl_enforcement_enabled": true,
            "ssl_minimal_tls_version_enforced": "TLS1_2",
            "storage_mb": 51200,
            "storage_profile": [
              {
                "auto_grow": "Enabled",
                "backup_retention_days": 7,
                "geo_redundant_backup": "Enabled",
                "storage_mb": 51200
              }
            ],
            "tags": {},
            "threat_detection_policy": [],
            "timeouts": null,
            "version": "9.6"
          },
          "sensitive_attributes": [
            [
              {
                "type": "get_attr",
                "value": "administrator_login_password"
              }
            ]
          ],
          "private": "eyJlMmJmYjczMC1lY2FhLTExZTYtOGY4OC0zNDM2M2JjN2M0YzAiOnsiY3JlYXRlIjozNjAwMDAwMDAwMDAwLCJkZWxldGUiOjM2MDAwMDAwMDAwMDAsInJlYWQiOjMwMDAwMDAwMDAwMCwidXBkYXRlIjozNjAwMDAwMDAwMDAwfX0=",
          "dependencies": [
            "azurerm_resource_group.rg"
          ]
        }
      ]
    },
    {
      "mode": "managed",
      "type": "azurerm_public_ip",
      "name": "pip",
      "provider": "provider[\"registry.terraform.io/hashicorp/azurerm\"]",
      "instances": [
        {
          "schema_version": 0,
          "attributes": {
            "allocation_method": "Dynamic",
            "domain_name_label": null,
            "fqdn": null,
            "id": "/subscriptions/1ed7ade3-5acc-4223-84b0-bb4a089308ec/resourceGroups/terraform-resources-rg/providers/Microsoft.Network/publicIPAddresses/public-ip",
            "idle_timeout_in_minutes": 4,
            "ip_address": "74.225.237.82",
            "ip_version": "IPv4",
            "location": "centralindia",
            "name": "public-ip",
            "public_ip_prefix_id": null,
            "resource_group_name": "terraform-resources-rg",
            "reverse_fqdn": null,
            "sku": "Basic",
            "tags": {},
            "timeouts": null,
            "zones": []
          },
          "sensitive_attributes": [],
          "private": "eyJlMmJmYjczMC1lY2FhLTExZTYtOGY4OC0zNDM2M2JjN2M0YzAiOnsiY3JlYXRlIjoxODAwMDAwMDAwMDAwLCJkZWxldGUiOjE4MDAwMDAwMDAwMDAsInJlYWQiOjMwMDAwMDAwMDAwMCwidXBkYXRlIjoxODAwMDAwMDAwMDAwfX0=",
          "dependencies": [
            "azurerm_resource_group.rg"
          ]
        }
      ]
    },
    {
      "mode": "managed",
      "type": "azurerm_resource_group",
      "name": "rg",
      "provider": "provider[\"registry.terraform.io/hashicorp/azurerm\"]",
      "instances": [
        {
          "schema_version": 0,
          "attributes": {
            "id": "/subscriptions/1ed7ade3-5acc-4223-84b0-bb4a089308ec/resourceGroups/terraform-resources-rg",
            "location": "centralindia",
            "name": "terraform-resources-rg",
            "tags": {},
            "timeouts": null
          },
          "sensitive_attributes": [],
          "private": "eyJlMmJmYjczMC1lY2FhLTExZTYtOGY4OC0zNDM2M2JjN2M0YzAiOnsiY3JlYXRlIjo1NDAwMDAwMDAwMDAwLCJkZWxldGUiOjU0MDAwMDAwMDAwMDAsInJlYWQiOjMwMDAwMDAwMDAwMCwidXBkYXRlIjo1NDAwMDAwMDAwMDAwfX0="
        }
      ]
    },
    {
      "mode": "managed",
      "type": "azurerm_subnet",
      "name": "subnet1",
      "provider": "provider[\"registry.terraform.io/hashicorp/azurerm\"]",
      "instances": [
        {
          "schema_version": 0,
          "attributes": {
            "address_prefix": "10.1.0.0/29",
            "address_prefixes": [
              "10.1.0.0/29"
            ],
            "delegation": [],
            "enforce_private_link_endpoint_network_policies": false,
            "enforce_private_link_service_network_policies": false,
            "id": "/subscriptions/1ed7ade3-5acc-4223-84b0-bb4a089308ec/resourceGroups/terraform-resources-rg/providers/Microsoft.Network/virtualNetworks/terraform-vnet-rg/subnets/my-subnet1",
            "name": "my-subnet1",
            "resource_group_name": "terraform-resources-rg",
            "service_endpoints": [],
            "timeouts": null,
            "virtual_network_name": "terraform-vnet-rg"
          },
          "sensitive_attributes": [],
          "private": "eyJlMmJmYjczMC1lY2FhLTExZTYtOGY4OC0zNDM2M2JjN2M0YzAiOnsiY3JlYXRlIjoxODAwMDAwMDAwMDAwLCJkZWxldGUiOjE4MDAwMDAwMDAwMDAsInJlYWQiOjMwMDAwMDAwMDAwMCwidXBkYXRlIjoxODAwMDAwMDAwMDAwfX0=",
          "dependencies": [
            "azurerm_resource_group.rg",
            "azurerm_virtual_network.vnet"
          ]
        }
      ]
    },
    {
      "mode": "managed",
      "type": "azurerm_subnet",
      "name": "subnet2",
      "provider": "provider[\"registry.terraform.io/hashicorp/azurerm\"]",
      "instances": [
        {
          "schema_version": 0,
          "attributes": {
            "address_prefix": "10.1.0.8/29",
            "address_prefixes": [
              "10.1.0.8/29"
            ],
            "delegation": [],
            "enforce_private_link_endpoint_network_policies": false,
            "enforce_private_link_service_network_policies": false,
            "id": "/subscriptions/1ed7ade3-5acc-4223-84b0-bb4a089308ec/resourceGroups/terraform-resources-rg/providers/Microsoft.Network/virtualNetworks/terraform-vnet-rg/subnets/my-subnet2",
            "name": "my-subnet2",
            "resource_group_name": "terraform-resources-rg",
            "service_endpoints": [],
            "timeouts": null,
            "virtual_network_name": "terraform-vnet-rg"
          },
          "sensitive_attributes": [],
          "private": "eyJlMmJmYjczMC1lY2FhLTExZTYtOGY4OC0zNDM2M2JjN2M0YzAiOnsiY3JlYXRlIjoxODAwMDAwMDAwMDAwLCJkZWxldGUiOjE4MDAwMDAwMDAwMDAsInJlYWQiOjMwMDAwMDAwMDAwMCwidXBkYXRlIjoxODAwMDAwMDAwMDAwfX0=",
          "dependencies": [
            "azurerm_resource_group.rg",
            "azurerm_virtual_network.vnet"
          ]
        }
      ]
    },
    {
      "mode": "managed",
      "type": "azurerm_subnet_network_security_group_association",
      "name": "subnet_asso",
      "provider": "provider[\"registry.terraform.io/hashicorp/azurerm\"]",
      "instances": [
        {
          "schema_version": 0,
          "attributes": {
            "id": "/subscriptions/1ed7ade3-5acc-4223-84b0-bb4a089308ec/resourceGroups/terraform-resources-rg/providers/Microsoft.Network/virtualNetworks/terraform-vnet-rg/subnets/my-subnet1",
            "network_security_group_id": "/subscriptions/1ed7ade3-5acc-4223-84b0-bb4a089308ec/resourceGroups/terraform-resources-rg/providers/Microsoft.Network/networkSecurityGroups/SecurityGroup1",
            "subnet_id": "/subscriptions/1ed7ade3-5acc-4223-84b0-bb4a089308ec/resourceGroups/terraform-resources-rg/providers/Microsoft.Network/virtualNetworks/terraform-vnet-rg/subnets/my-subnet1",
            "timeouts": null
          },
          "sensitive_attributes": [],
          "private": "eyJlMmJmYjczMC1lY2FhLTExZTYtOGY4OC0zNDM2M2JjN2M0YzAiOnsiY3JlYXRlIjoxODAwMDAwMDAwMDAwLCJkZWxldGUiOjE4MDAwMDAwMDAwMDAsInJlYWQiOjMwMDAwMDAwMDAwMCwidXBkYXRlIjoxODAwMDAwMDAwMDAwfX0=",
          "dependencies": [
            "azurerm_network_security_group.nsg",
            "azurerm_resource_group.rg",
            "azurerm_subnet.subnet1",
            "azurerm_virtual_network.vnet"
          ]
        }
      ]
    },
    {
      "mode": "managed",
      "type": "azurerm_virtual_machine_data_disk_attachment",
      "name": "win_disk_attach",
      "provider": "provider[\"registry.terraform.io/hashicorp/azurerm\"]",
      "instances": [
        {
          "schema_version": 0,
          "attributes": {
            "caching": "ReadWrite",
            "create_option": "Attach",
            "id": "/subscriptions/1ed7ade3-5acc-4223-84b0-bb4a089308ec/resourceGroups/terraform-resources-rg/providers/Microsoft.Compute/virtualMachines/tf-win-vm/dataDisks/tf-win-vm-disk1",
            "lun": 10,
            "managed_disk_id": "/subscriptions/1ed7ade3-5acc-4223-84b0-bb4a089308ec/resourceGroups/terraform-resources-rg/providers/Microsoft.Compute/disks/tf-win-vm-disk1",
            "timeouts": null,
            "virtual_machine_id": "/subscriptions/1ed7ade3-5acc-4223-84b0-bb4a089308ec/resourceGroups/terraform-resources-rg/providers/Microsoft.Compute/virtualMachines/tf-win-vm",
            "write_accelerator_enabled": false
          },
          "sensitive_attributes": [],
          "private": "eyJlMmJmYjczMC1lY2FhLTExZTYtOGY4OC0zNDM2M2JjN2M0YzAiOnsiY3JlYXRlIjoxODAwMDAwMDAwMDAwLCJkZWxldGUiOjE4MDAwMDAwMDAwMDAsInJlYWQiOjMwMDAwMDAwMDAwMCwidXBkYXRlIjoxODAwMDAwMDAwMDAwfX0=",
          "dependencies": [
            "azurerm_managed_disk.win_disk",
            "azurerm_network_interface.windows_nic",
            "azurerm_public_ip.pip",
            "azurerm_resource_group.rg",
            "azurerm_subnet.subnet1",
            "azurerm_virtual_network.vnet",
            "azurerm_windows_virtual_machine.win_vm"
          ]
        }
      ]
    },
    {
      "mode": "managed",
      "type": "azurerm_virtual_network",
      "name": "vnet",
      "provider": "provider[\"registry.terraform.io/hashicorp/azurerm\"]",
      "instances": [
        {
          "schema_version": 0,
          "attributes": {
            "address_space": [
              "10.1.0.0/28"
            ],
            "bgp_community": "",
            "ddos_protection_plan": [],
            "dns_servers": [],
            "guid": "5a1e68ed-0296-43b4-9601-e922ac0b1df7",
            "id": "/subscriptions/1ed7ade3-5acc-4223-84b0-bb4a089308ec/resourceGroups/terraform-resources-rg/providers/Microsoft.Network/virtualNetworks/terraform-vnet-rg",
            "location": "centralindia",
            "name": "terraform-vnet-rg",
            "resource_group_name": "terraform-resources-rg",
            "subnet": [
              {
                "address_prefix": "10.1.0.0/29",
                "id": "/subscriptions/1ed7ade3-5acc-4223-84b0-bb4a089308ec/resourceGroups/terraform-resources-rg/providers/Microsoft.Network/virtualNetworks/terraform-vnet-rg/subnets/my-subnet1",
                "name": "my-subnet1",
                "security_group": "/subscriptions/1ed7ade3-5acc-4223-84b0-bb4a089308ec/resourceGroups/terraform-resources-rg/providers/Microsoft.Network/networkSecurityGroups/SecurityGroup1"
              },
              {
                "address_prefix": "10.1.0.8/29",
                "id": "/subscriptions/1ed7ade3-5acc-4223-84b0-bb4a089308ec/resourceGroups/terraform-resources-rg/providers/Microsoft.Network/virtualNetworks/terraform-vnet-rg/subnets/my-subnet2",
                "name": "my-subnet2",
                "security_group": ""
              }
            ],
            "tags": {},
            "timeouts": null,
            "vm_protection_enabled": false
          },
          "sensitive_attributes": [],
          "private": "eyJlMmJmYjczMC1lY2FhLTExZTYtOGY4OC0zNDM2M2JjN2M0YzAiOnsiY3JlYXRlIjoxODAwMDAwMDAwMDAwLCJkZWxldGUiOjE4MDAwMDAwMDAwMDAsInJlYWQiOjMwMDAwMDAwMDAwMCwidXBkYXRlIjoxODAwMDAwMDAwMDAwfX0=",
          "dependencies": [
            "azurerm_resource_group.rg"
          ]
        }
      ]
    },
    {
      "mode": "managed",
      "type": "azurerm_windows_virtual_machine",
      "name": "win_vm",
      "provider": "provider[\"registry.terraform.io/hashicorp/azurerm\"]",
      "instances": [
        {
          "schema_version": 0,
          "attributes": {
            "additional_capabilities": [],
            "additional_unattend_content": [],
            "admin_password": "P@$$w0rd1234!",
            "admin_username": "adminuser",
            "allow_extension_operations": true,
            "availability_set_id": "",
            "boot_diagnostics": [],
            "computer_name": "tf-win-vm",
            "custom_data": null,
            "dedicated_host_id": "",
            "enable_automatic_updates": true,
            "encryption_at_host_enabled": false,
            "eviction_policy": "",
            "extensions_time_budget": "PT1H30M",
            "id": "/subscriptions/1ed7ade3-5acc-4223-84b0-bb4a089308ec/resourceGroups/terraform-resources-rg/providers/Microsoft.Compute/virtualMachines/tf-win-vm",
            "identity": [],
            "license_type": "",
            "location": "centralindia",
            "max_bid_price": -1,
            "name": "tf-win-vm",
            "network_interface_ids": [
              "/subscriptions/1ed7ade3-5acc-4223-84b0-bb4a089308ec/resourceGroups/terraform-resources-rg/providers/Microsoft.Network/networkInterfaces/windows-vm-nic"
            ],
            "os_disk": [
              {
                "caching": "ReadWrite",
                "diff_disk_settings": [],
                "disk_encryption_set_id": "",
                "disk_size_gb": 127,
                "name": "tf-win-vm_disk1_3709b664035d454e9d5228c6b0674190",
                "storage_account_type": "Standard_LRS",
                "write_accelerator_enabled": false
              }
            ],
            "patch_mode": "AutomaticByOS",
            "plan": [],
            "priority": "Regular",
            "private_ip_address": "10.1.0.5",
            "private_ip_addresses": [
              "10.1.0.5"
            ],
            "provision_vm_agent": true,
            "proximity_placement_group_id": "",
            "public_ip_address": "74.225.237.82",
            "public_ip_addresses": [
              "74.225.237.82"
            ],
            "resource_group_name": "terraform-resources-rg",
            "secret": [],
            "size": "Standard_B1s",
            "source_image_id": "",
            "source_image_reference": [
              {
                "offer": "WindowsServer",
                "publisher": "MicrosoftWindowsServer",
                "sku": "2016-Datacenter",
                "version": "latest"
              }
            ],
            "tags": {},
            "timeouts": null,
            "timezone": "",
            "virtual_machine_id": "13812bbc-87f7-4fcb-a2b4-694e70e4efcb",
            "virtual_machine_scale_set_id": "",
            "winrm_listener": [],
            "zone": ""
          },
          "sensitive_attributes": [
            [
              {
                "type": "get_attr",
                "value": "custom_data"
              }
            ],
            [
              {
                "type": "get_attr",
                "value": "admin_password"
              }
            ]
          ],
          "private": "eyJlMmJmYjczMC1lY2FhLTExZTYtOGY4OC0zNDM2M2JjN2M0YzAiOnsiY3JlYXRlIjoyNzAwMDAwMDAwMDAwLCJkZWxldGUiOjI3MDAwMDAwMDAwMDAsInJlYWQiOjMwMDAwMDAwMDAwMCwidXBkYXRlIjoyNzAwMDAwMDAwMDAwfX0=",
          "dependencies": [
            "azurerm_network_interface.windows_nic",
            "azurerm_public_ip.pip",
            "azurerm_resource_group.rg",
            "azurerm_subnet.subnet1",
            "azurerm_virtual_network.vnet"
          ]
        }
      ]
    }
  ],
  "check_results": null
}
